
Microsoft Visual Studio Solution File, Format Version 12.00
# Visual Studio Version 17
VisualStudioVersion = 17.11.35327.3
MinimumVisualStudioVersion = 10.0.40219.1
Project("{9A19103F-16F7-4668-BE54-9A1E7A4F7556}") = "GicBankingSystem", "GicBankingSystem.csproj", "{EB55F007-8248-4E87-A749-4BDEBD95FAFB}"
EndProject
Project("{FAE04EC0-301F-11D3-BF4B-00C04F79EFBC}") = "GicBankingSystemTest", "..\GicBankingSystemTest\GicBankingSystemTest.csproj", "{2E653250-2411-457F-B2C6-4F9CBFA21509}"
EndProject
Global
	GlobalSection(SolutionConfigurationPlatforms) = preSolution
		Debug|Any CPU = Debug|Any CPU
		Release|Any CPU = Release|Any CPU
	EndGlobalSection
	GlobalSection(ProjectConfigurationPlatforms) = postSolution
		{EB55F007-8248-4E87-A749-4BDEBD95FAFB}.Debug|Any CPU.ActiveCfg = Debug|Any CPU
		{EB55F007-8248-4E87-A749-4BDEBD95FAFB}.Debug|Any CPU.Build.0 = Debug|Any CPU
		{EB55F007-8248-4E87-A749-4BDEBD95FAFB}.Release|Any CPU.ActiveCfg = Release|Any CPU
		{EB55F007-8248-4E87-A749-4BDEBD95FAFB}.Release|Any CPU.Build.0 = Release|Any CPU
		{2E653250-2411-457F-B2C6-4F9CBFA21509}.Debug|Any CPU.ActiveCfg = Debug|Any CPU
		{2E653250-2411-457F-B2C6-4F9CBFA21509}.Debug|Any CPU.Build.0 = Debug|Any CPU
		{2E653250-2411-457F-B2C6-4F9CBFA21509}.Release|Any CPU.ActiveCfg = Release|Any CPU
		{2E653250-2411-457F-B2C6-4F9CBFA21509}.Release|Any CPU.Build.0 = Release|Any CPU
	EndGlobalSection
	GlobalSection(SolutionProperties) = preSolution
		HideSolutionNode = FALSE
	EndGlobalSection
	GlobalSection(ExtensibilityGlobals) = postSolution
		SolutionGuid = {A0A0AC8B-7637-4F5A-A76D-E524F7543BE2}
	EndGlobalSection
EndGlobal
